
Microsoft Visual Studio Solution File, Format Version 12.00
# Visual Studio Version 17
VisualStudioVersion = 17.6.33815.320
MinimumVisualStudioVersion = 10.0.40219.1
Project("{9A19103F-16F7-4668-BE54-9A1E7A4F7556}") = "Stage0", "Stage0\Stage0.csproj", "{4BF9B333-CF2B-4B30-A15F-3F830276CA8D}"
EndProject
Project("{9A19103F-16F7-4668-BE54-9A1E7A4F7556}") = "DalFacade", "DalFacade\DalFacade.csproj", "{662DE6BD-283B-4E04-BFAC-E4B93FDDF62A}"
EndProject
Project("{9A19103F-16F7-4668-BE54-9A1E7A4F7556}") = "DalList", "DalList\DalList.csproj", "{06B2768D-CB03-42F0-8132-2646BDA33E69}"
EndProject
Project("{9A19103F-16F7-4668-BE54-9A1E7A4F7556}") = "DalTest", "DalTest\DalTest.csproj", "{C316FD87-9C16-4C20-ACCB-7FD053C36970}"
EndProject
Project("{9A19103F-16F7-4668-BE54-9A1E7A4F7556}") = "DalXml", "DalXml\DalXml.csproj", "{0419159F-3695-496A-BF36-696B75DD2114}"
EndProject
Project("{2150E333-8FDC-42A3-9474-1A3956D46DE8}") = "xml", "xml", "{9FB66F12-DB79-4DFD-ABA0-35E4BE16F750}"
	ProjectSection(SolutionItems) = preProject
		xml\dal-config.xml = xml\dal-config.xml
		xml\data-config.xml = xml\data-config.xml
		xml\dependencies.xml = xml\dependencies.xml
		xml\engineers.xml = xml\engineers.xml
		xml\tasks.xml = xml\tasks.xml
	EndProjectSection
EndProject
Project("{9A19103F-16F7-4668-BE54-9A1E7A4F7556}") = "BL", "BL\BL.csproj", "{5474F1E4-9FED-4ACB-A156-C5D3C156BB17}"
EndProject
Project("{9A19103F-16F7-4668-BE54-9A1E7A4F7556}") = "BlTest", "BlTest\BlTest.csproj", "{4872FC1E-09C0-450F-967E-0A0BC8EB8B07}"
EndProject
Project("{FAE04EC0-301F-11D3-BF4B-00C04F79EFBC}") = "PL", "PL\PL.csproj", "{F3AF878D-FFA1-44FB-9D58-7E9520344D25}"
EndProject
Global
	GlobalSection(SolutionConfigurationPlatforms) = preSolution
		Debug|Any CPU = Debug|Any CPU
		Release|Any CPU = Release|Any CPU
	EndGlobalSection
	GlobalSection(ProjectConfigurationPlatforms) = postSolution
		{4BF9B333-CF2B-4B30-A15F-3F830276CA8D}.Debug|Any CPU.ActiveCfg = Debug|Any CPU
		{4BF9B333-CF2B-4B30-A15F-3F830276CA8D}.Debug|Any CPU.Build.0 = Debug|Any CPU
		{4BF9B333-CF2B-4B30-A15F-3F830276CA8D}.Release|Any CPU.ActiveCfg = Release|Any CPU
		{4BF9B333-CF2B-4B30-A15F-3F830276CA8D}.Release|Any CPU.Build.0 = Release|Any CPU
		{662DE6BD-283B-4E04-BFAC-E4B93FDDF62A}.Debug|Any CPU.ActiveCfg = Debug|Any CPU
		{662DE6BD-283B-4E04-BFAC-E4B93FDDF62A}.Debug|Any CPU.Build.0 = Debug|Any CPU
		{662DE6BD-283B-4E04-BFAC-E4B93FDDF62A}.Release|Any CPU.ActiveCfg = Release|Any CPU
		{662DE6BD-283B-4E04-BFAC-E4B93FDDF62A}.Release|Any CPU.Build.0 = Release|Any CPU
		{06B2768D-CB03-42F0-8132-2646BDA33E69}.Debug|Any CPU.ActiveCfg = Debug|Any CPU
		{06B2768D-CB03-42F0-8132-2646BDA33E69}.Debug|Any CPU.Build.0 = Debug|Any CPU
		{06B2768D-CB03-42F0-8132-2646BDA33E69}.Release|Any CPU.ActiveCfg = Release|Any CPU
		{06B2768D-CB03-42F0-8132-2646BDA33E69}.Release|Any CPU.Build.0 = Release|Any CPU
		{C316FD87-9C16-4C20-ACCB-7FD053C36970}.Debug|Any CPU.ActiveCfg = Debug|Any CPU
		{C316FD87-9C16-4C20-ACCB-7FD053C36970}.Debug|Any CPU.Build.0 = Debug|Any CPU
		{C316FD87-9C16-4C20-ACCB-7FD053C36970}.Release|Any CPU.ActiveCfg = Release|Any CPU
		{C316FD87-9C16-4C20-ACCB-7FD053C36970}.Release|Any CPU.Build.0 = Release|Any CPU
		{0419159F-3695-496A-BF36-696B75DD2114}.Debug|Any CPU.ActiveCfg = Debug|Any CPU
		{0419159F-3695-496A-BF36-696B75DD2114}.Debug|Any CPU.Build.0 = Debug|Any CPU
		{0419159F-3695-496A-BF36-696B75DD2114}.Release|Any CPU.ActiveCfg = Release|Any CPU
		{0419159F-3695-496A-BF36-696B75DD2114}.Release|Any CPU.Build.0 = Release|Any CPU
		{5474F1E4-9FED-4ACB-A156-C5D3C156BB17}.Debug|Any CPU.ActiveCfg = Debug|Any CPU
		{5474F1E4-9FED-4ACB-A156-C5D3C156BB17}.Debug|Any CPU.Build.0 = Debug|Any CPU
		{5474F1E4-9FED-4ACB-A156-C5D3C156BB17}.Release|Any CPU.ActiveCfg = Release|Any CPU
		{5474F1E4-9FED-4ACB-A156-C5D3C156BB17}.Release|Any CPU.Build.0 = Release|Any CPU
		{4872FC1E-09C0-450F-967E-0A0BC8EB8B07}.Debug|Any CPU.ActiveCfg = Debug|Any CPU
		{4872FC1E-09C0-450F-967E-0A0BC8EB8B07}.Debug|Any CPU.Build.0 = Debug|Any CPU
		{4872FC1E-09C0-450F-967E-0A0BC8EB8B07}.Release|Any CPU.ActiveCfg = Release|Any CPU
		{4872FC1E-09C0-450F-967E-0A0BC8EB8B07}.Release|Any CPU.Build.0 = Release|Any CPU
		{F3AF878D-FFA1-44FB-9D58-7E9520344D25}.Debug|Any CPU.ActiveCfg = Debug|Any CPU
		{F3AF878D-FFA1-44FB-9D58-7E9520344D25}.Debug|Any CPU.Build.0 = Debug|Any CPU
		{F3AF878D-FFA1-44FB-9D58-7E9520344D25}.Release|Any CPU.ActiveCfg = Release|Any CPU
		{F3AF878D-FFA1-44FB-9D58-7E9520344D25}.Release|Any CPU.Build.0 = Release|Any CPU
	EndGlobalSection
	GlobalSection(SolutionProperties) = preSolution
		HideSolutionNode = FALSE
	EndGlobalSection
	GlobalSection(ExtensibilityGlobals) = postSolution
		SolutionGuid = {E679681E-BDE9-4DF5-BF94-ECFB13B6C7DD}
	EndGlobalSection
EndGlobal
